
Microsoft Visual Studio Solution File, Format Version 12.00
# Visual Studio Version 17
VisualStudioVersion = 17.0.31912.275
MinimumVisualStudioVersion = 10.0.40219.1
Project("{9A19103F-16F7-4668-BE54-9A1E7A4F7556}") = "WpfApp", "WpfApp\WpfApp.csproj", "{B28639F2-E759-4E14-8F33-32B0E24E65BB}"
EndProject
Global
	GlobalSection(SolutionConfigurationPlatforms) = preSolution
		Debug|Any CPU = Debug|Any CPU
		Release|Any CPU = Release|Any CPU
	EndGlobalSection
	GlobalSection(ProjectConfigurationPlatforms) = postSolution
		{B28639F2-E759-4E14-8F33-32B0E24E65BB}.Debug|Any CPU.ActiveCfg = Debug|Any CPU
		{B28639F2-E759-4E14-8F33-32B0E24E65BB}.Debug|Any CPU.Build.0 = Debug|Any CPU
		{B28639F2-E759-4E14-8F33-32B0E24E65BB}.Release|Any CPU.ActiveCfg = Release|Any CPU
		{B28639F2-E759-4E14-8F33-32B0E24E65BB}.Release|Any CPU.Build.0 = Release|Any CPU
	EndGlobalSection
	GlobalSection(SolutionProperties) = preSolution
		HideSolutionNode = FALSE
	EndGlobalSection
	GlobalSection(ExtensibilityGlobals) = postSolution
		SolutionGuid = {2F266C5F-2532-47CA-9BBE-401A6F18208A}
	EndGlobalSection
EndGlobal
